// !$*UTF8*$!
{
	archiveVersion = 1;
	classes = {
	};
	objectVersion = 46;
	objects = {

/* Begin PBXBuildFile section */
		4D11C7B31B04BCFA00FE2458 /* CustomerInfoTableViewController.swift in Sources */ = {isa = PBXBuildFile; fileRef = 4D11C7B21B04BCFA00FE2458 /* CustomerInfoTableViewController.swift */; };
		4D11C7B91B04CDC200FE2458 /* changePasswordTableViewController.swift in Sources */ = {isa = PBXBuildFile; fileRef = 4D11C7B81B04CDC200FE2458 /* changePasswordTableViewController.swift */; };
		4D11C7BC1B05D57200FE2458 /* LoginViewController.swift in Sources */ = {isa = PBXBuildFile; fileRef = 4D11C7BB1B05D57200FE2458 /* LoginViewController.swift */; };
		4D11C7C21B05F66800FE2458 /* RegisterTableViewController.swift in Sources */ = {isa = PBXBuildFile; fileRef = 4D11C7C11B05F66800FE2458 /* RegisterTableViewController.swift */; };
		4D91BA1F1B00B2FB00456EE5 /* SwiftHTTP.framework in Frameworks */ = {isa = PBXBuildFile; fileRef = 4D91BA181B00B2F500456EE5 /* SwiftHTTP.framework */; };
		4D922F041AFF037E00DA60D5 /* AppDelegate.swift in Sources */ = {isa = PBXBuildFile; fileRef = 4D922F031AFF037E00DA60D5 /* AppDelegate.swift */; };
		4D922F061AFF037E00DA60D5 /* ViewController.swift in Sources */ = {isa = PBXBuildFile; fileRef = 4D922F051AFF037E00DA60D5 /* ViewController.swift */; };
		4D922F091AFF037E00DA60D5 /* Main.storyboard in Resources */ = {isa = PBXBuildFile; fileRef = 4D922F071AFF037E00DA60D5 /* Main.storyboard */; };
		4D922F0B1AFF037E00DA60D5 /* Images.xcassets in Resources */ = {isa = PBXBuildFile; fileRef = 4D922F0A1AFF037E00DA60D5 /* Images.xcassets */; };
		4D922F0E1AFF037E00DA60D5 /* LaunchScreen.xib in Resources */ = {isa = PBXBuildFile; fileRef = 4D922F0C1AFF037E00DA60D5 /* LaunchScreen.xib */; };
		4D922F1A1AFF037E00DA60D5 /* PublicBicycleAppTests.swift in Sources */ = {isa = PBXBuildFile; fileRef = 4D922F191AFF037E00DA60D5 /* PublicBicycleAppTests.swift */; };
		4D922F241AFF193C00DA60D5 /* StationViewController.swift in Sources */ = {isa = PBXBuildFile; fileRef = 4D922F231AFF193C00DA60D5 /* StationViewController.swift */; };
		4D922F261AFF195B00DA60D5 /* OrderViewController.swift in Sources */ = {isa = PBXBuildFile; fileRef = 4D922F251AFF195B00DA60D5 /* OrderViewController.swift */; };
		4D922F281AFF197000DA60D5 /* InfoViewController.swift in Sources */ = {isa = PBXBuildFile; fileRef = 4D922F271AFF197000DA60D5 /* InfoViewController.swift */; };
		4D922FB71AFF972C00DA60D5 /* OrderStationViewController.swift in Sources */ = {isa = PBXBuildFile; fileRef = 4D922FB61AFF972C00DA60D5 /* OrderStationViewController.swift */; };
		4D922FB91AFF976600DA60D5 /* BlueUIViewController.swift in Sources */ = {isa = PBXBuildFile; fileRef = 4D922FB81AFF976600DA60D5 /* BlueUIViewController.swift */; };
		4D922FBC1AFF9ACC00DA60D5 /* HttpRequest.swift in Sources */ = {isa = PBXBuildFile; fileRef = 4D922FBB1AFF9ACC00DA60D5 /* HttpRequest.swift */; };
		4D92308D1AFFA4AB00DA60D5 /* MyStation.swift in Sources */ = {isa = PBXBuildFile; fileRef = 4D92308C1AFFA4AB00DA60D5 /* MyStation.swift */; };
		4DA08C861B00CE54009671BF /* StationInfoViewController.swift in Sources */ = {isa = PBXBuildFile; fileRef = 4DA08C851B00CE54009671BF /* StationInfoViewController.swift */; };
		4DA08C8C1B00E6D5009671BF /* ReserveOrderViewController.swift in Sources */ = {isa = PBXBuildFile; fileRef = 4DA08C8B1B00E6D5009671BF /* ReserveOrderViewController.swift */; };
		4DA08C8E1B00F66D009671BF /* OrderTypeViewController.swift in Sources */ = {isa = PBXBuildFile; fileRef = 4DA08C8D1B00F66D009671BF /* OrderTypeViewController.swift */; };
		4DA08C911B021658009671BF /* AddBookOrderSuccess.swift in Sources */ = {isa = PBXBuildFile; fileRef = 4DA08C901B021658009671BF /* AddBookOrderSuccess.swift */; };
		4DA08C971B022966009671BF /* BlueUITableViewController.swift in Sources */ = {isa = PBXBuildFile; fileRef = 4DA08C961B022966009671BF /* BlueUITableViewController.swift */; };
		4DA08C991B023518009671BF /* OrderListTableViewController.swift in Sources */ = {isa = PBXBuildFile; fileRef = 4DA08C981B023518009671BF /* OrderListTableViewController.swift */; };
		4DA08C9B1B023971009671BF /* BookOrderDetailTableViewController.swift in Sources */ = {isa = PBXBuildFile; fileRef = 4DA08C9A1B023971009671BF /* BookOrderDetailTableViewController.swift */; };
		4DA08C9D1B023AE7009671BF /* FinishOrderDetailTableViewController.swift in Sources */ = {isa = PBXBuildFile; fileRef = 4DA08C9C1B023AE7009671BF /* FinishOrderDetailTableViewController.swift */; };
		4DA08C9F1B023C04009671BF /* RentOrderDetailTableViewController.swift in Sources */ = {isa = PBXBuildFile; fileRef = 4DA08C9E1B023C04009671BF /* RentOrderDetailTableViewController.swift */; };
/* End PBXBuildFile section */

/* Begin PBXContainerItemProxy section */
		4D91BA171B00B2F500456EE5 /* PBXContainerItemProxy */ = {
			isa = PBXContainerItemProxy;
			containerPortal = 4D91BA101B00B2F500456EE5 /* SwiftHTTP.xcodeproj */;
			proxyType = 2;
			remoteGlobalIDString = 6BFD901619C8D8B500DD99B6;
			remoteInfo = SwiftHTTP;
		};
		4D91BA191B00B2F500456EE5 /* PBXContainerItemProxy */ = {
			isa = PBXContainerItemProxy;
			containerPortal = 4D91BA101B00B2F500456EE5 /* SwiftHTTP.xcodeproj */;
			proxyType = 2;
			remoteGlobalIDString = 6BFD902119C8D8B500DD99B6;
			remoteInfo = SwiftHTTPTests;
		};
		4D91BA1B1B00B2F500456EE5 /* PBXContainerItemProxy */ = {
			isa = PBXContainerItemProxy;
			containerPortal = 4D91BA101B00B2F500456EE5 /* SwiftHTTP.xcodeproj */;
			proxyType = 2;
			remoteGlobalIDString = D958025919E6EEEB003C8218;
			remoteInfo = SwiftHTTPOSX;
		};
		4D91BA1D1B00B2F500456EE5 /* PBXContainerItemProxy */ = {
			isa = PBXContainerItemProxy;
			containerPortal = 4D91BA101B00B2F500456EE5 /* SwiftHTTP.xcodeproj */;
			proxyType = 2;
			remoteGlobalIDString = D958026319E6EEEB003C8218;
			remoteInfo = SwiftHTTPOSXTests;
		};
		4D922F141AFF037E00DA60D5 /* PBXContainerItemProxy */ = {
			isa = PBXContainerItemProxy;
			containerPortal = 4D922EF61AFF037E00DA60D5 /* Project object */;
			proxyType = 1;
			remoteGlobalIDString = 4D922EFD1AFF037E00DA60D5;
			remoteInfo = PublicBicycleApp;
		};
/* End PBXContainerItemProxy section */

/* Begin PBXFileReference section */
		4D11C7B21B04BCFA00FE2458 /* CustomerInfoTableViewController.swift */ = {isa = PBXFileReference; fileEncoding = 4; lastKnownFileType = sourcecode.swift; path = CustomerInfoTableViewController.swift; sourceTree = "<group>"; };
		4D11C7B81B04CDC200FE2458 /* changePasswordTableViewController.swift */ = {isa = PBXFileReference; fileEncoding = 4; lastKnownFileType = sourcecode.swift; path = changePasswordTableViewController.swift; sourceTree = "<group>"; };
		4D11C7BB1B05D57200FE2458 /* LoginViewController.swift */ = {isa = PBXFileReference; fileEncoding = 4; lastKnownFileType = sourcecode.swift; path = LoginViewController.swift; sourceTree = "<group>"; };
		4D11C7C11B05F66800FE2458 /* RegisterTableViewController.swift */ = {isa = PBXFileReference; fileEncoding = 4; lastKnownFileType = sourcecode.swift; path = RegisterTableViewController.swift; sourceTree = "<group>"; };
		4D91BA101B00B2F500456EE5 /* SwiftHTTP.xcodeproj */ = {isa = PBXFileReference; lastKnownFileType = "wrapper.pb-project"; name = SwiftHTTP.xcodeproj; path = ../../GitHub/SwiftHTTP/SwiftHTTP.xcodeproj; sourceTree = "<group>"; };
		4D922EFE1AFF037E00DA60D5 /* PublicBicycleApp.app */ = {isa = PBXFileReference; explicitFileType = wrapper.application; includeInIndex = 0; path = PublicBicycleApp.app; sourceTree = BUILT_PRODUCTS_DIR; };
		4D922F021AFF037E00DA60D5 /* Info.plist */ = {isa = PBXFileReference; lastKnownFileType = text.plist.xml; path = Info.plist; sourceTree = "<group>"; };
		4D922F031AFF037E00DA60D5 /* AppDelegate.swift */ = {isa = PBXFileReference; lastKnownFileType = sourcecode.swift; path = AppDelegate.swift; sourceTree = "<group>"; };
		4D922F051AFF037E00DA60D5 /* ViewController.swift */ = {isa = PBXFileReference; lastKnownFileType = sourcecode.swift; path = ViewController.swift; sourceTree = "<group>"; };
		4D922F081AFF037E00DA60D5 /* Base */ = {isa = PBXFileReference; lastKnownFileType = file.storyboard; name = Base; path = Base.lproj/Main.storyboard; sourceTree = "<group>"; };
		4D922F0A1AFF037E00DA60D5 /* Images.xcassets */ = {isa = PBXFileReference; lastKnownFileType = folder.assetcatalog; path = Images.xcassets; sourceTree = "<group>"; };
		4D922F0D1AFF037E00DA60D5 /* Base */ = {isa = PBXFileReference; lastKnownFileType = file.xib; name = Base; path = Base.lproj/LaunchScreen.xib; sourceTree = "<group>"; };
		4D922F131AFF037E00DA60D5 /* PublicBicycleAppTests.xctest */ = {isa = PBXFileReference; explicitFileType = wrapper.cfbundle; includeInIndex = 0; path = PublicBicycleAppTests.xctest; sourceTree = BUILT_PRODUCTS_DIR; };
		4D922F181AFF037E00DA60D5 /* Info.plist */ = {isa = PBXFileReference; lastKnownFileType = text.plist.xml; path = Info.plist; sourceTree = "<group>"; };
		4D922F191AFF037E00DA60D5 /* PublicBicycleAppTests.swift */ = {isa = PBXFileReference; lastKnownFileType = sourcecode.swift; path = PublicBicycleAppTests.swift; sourceTree = "<group>"; };
		4D922F231AFF193C00DA60D5 /* StationViewController.swift */ = {isa = PBXFileReference; fileEncoding = 4; lastKnownFileType = sourcecode.swift; path = StationViewController.swift; sourceTree = "<group>"; };
		4D922F251AFF195B00DA60D5 /* OrderViewController.swift */ = {isa = PBXFileReference; fileEncoding = 4; lastKnownFileType = sourcecode.swift; path = OrderViewController.swift; sourceTree = "<group>"; };
		4D922F271AFF197000DA60D5 /* InfoViewController.swift */ = {isa = PBXFileReference; fileEncoding = 4; lastKnownFileType = sourcecode.swift; path = InfoViewController.swift; sourceTree = "<group>"; };
		4D922FB61AFF972C00DA60D5 /* OrderStationViewController.swift */ = {isa = PBXFileReference; fileEncoding = 4; lastKnownFileType = sourcecode.swift; path = OrderStationViewController.swift; sourceTree = "<group>"; };
		4D922FB81AFF976600DA60D5 /* BlueUIViewController.swift */ = {isa = PBXFileReference; fileEncoding = 4; lastKnownFileType = sourcecode.swift; path = BlueUIViewController.swift; sourceTree = "<group>"; };
		4D922FBB1AFF9ACC00DA60D5 /* HttpRequest.swift */ = {isa = PBXFileReference; fileEncoding = 4; lastKnownFileType = sourcecode.swift; path = HttpRequest.swift; sourceTree = "<group>"; };
		4D92308C1AFFA4AB00DA60D5 /* MyStation.swift */ = {isa = PBXFileReference; fileEncoding = 4; lastKnownFileType = sourcecode.swift; path = MyStation.swift; sourceTree = "<group>"; };
		4DA08C851B00CE54009671BF /* StationInfoViewController.swift */ = {isa = PBXFileReference; fileEncoding = 4; lastKnownFileType = sourcecode.swift; path = StationInfoViewController.swift; sourceTree = "<group>"; };
		4DA08C8B1B00E6D5009671BF /* ReserveOrderViewController.swift */ = {isa = PBXFileReference; fileEncoding = 4; lastKnownFileType = sourcecode.swift; path = ReserveOrderViewController.swift; sourceTree = "<group>"; };
		4DA08C8D1B00F66D009671BF /* OrderTypeViewController.swift */ = {isa = PBXFileReference; fileEncoding = 4; lastKnownFileType = sourcecode.swift; path = OrderTypeViewController.swift; sourceTree = "<group>"; };
		4DA08C901B021658009671BF /* AddBookOrderSuccess.swift */ = {isa = PBXFileReference; fileEncoding = 4; lastKnownFileType = sourcecode.swift; path = AddBookOrderSuccess.swift; sourceTree = "<group>"; };
		4DA08C961B022966009671BF /* BlueUITableViewController.swift */ = {isa = PBXFileReference; fileEncoding = 4; lastKnownFileType = sourcecode.swift; path = BlueUITableViewController.swift; sourceTree = "<group>"; };
		4DA08C981B023518009671BF /* OrderListTableViewController.swift */ = {isa = PBXFileReference; fileEncoding = 4; lastKnownFileType = sourcecode.swift; path = OrderListTableViewController.swift; sourceTree = "<group>"; };
		4DA08C9A1B023971009671BF /* BookOrderDetailTableViewController.swift */ = {isa = PBXFileReference; fileEncoding = 4; lastKnownFileType = sourcecode.swift; path = BookOrderDetailTableViewController.swift; sourceTree = "<group>"; };
		4DA08C9C1B023AE7009671BF /* FinishOrderDetailTableViewController.swift */ = {isa = PBXFileReference; fileEncoding = 4; lastKnownFileType = sourcecode.swift; path = FinishOrderDetailTableViewController.swift; sourceTree = "<group>"; };
		4DA08C9E1B023C04009671BF /* RentOrderDetailTableViewController.swift */ = {isa = PBXFileReference; fileEncoding = 4; lastKnownFileType = sourcecode.swift; path = RentOrderDetailTableViewController.swift; sourceTree = "<group>"; };
/* End PBXFileReference section */

/* Begin PBXFrameworksBuildPhase section */
		4D922EFB1AFF037E00DA60D5 /* Frameworks */ = {
			isa = PBXFrameworksBuildPhase;
			buildActionMask = 2147483647;
			files = (
				4D91BA1F1B00B2FB00456EE5 /* SwiftHTTP.framework in Frameworks */,
			);
			runOnlyForDeploymentPostprocessing = 0;
		};
		4D922F101AFF037E00DA60D5 /* Frameworks */ = {
			isa = PBXFrameworksBuildPhase;
			buildActionMask = 2147483647;
			files = (
			);
			runOnlyForDeploymentPostprocessing = 0;
		};
/* End PBXFrameworksBuildPhase section */

/* Begin PBXGroup section */
		4D91BA111B00B2F500456EE5 /* Products */ = {
			isa = PBXGroup;
			children = (
				4D91BA181B00B2F500456EE5 /* SwiftHTTP.framework */,
				4D91BA1A1B00B2F500456EE5 /* SwiftHTTPTests.xctest */,
				4D91BA1C1B00B2F500456EE5 /* SwiftHTTP.framework */,
				4D91BA1E1B00B2F500456EE5 /* SwiftHTTPOSXTests.xctest */,
			);
			name = Products;
			sourceTree = "<group>";
		};
		4D922EF51AFF037E00DA60D5 = {
			isa = PBXGroup;
			children = (
				4D91BA101B00B2F500456EE5 /* SwiftHTTP.xcodeproj */,
				4D922F001AFF037E00DA60D5 /* PublicBicycleApp */,
				4D922F161AFF037E00DA60D5 /* PublicBicycleAppTests */,
				4D922EFF1AFF037E00DA60D5 /* Products */,
			);
			sourceTree = "<group>";
		};
		4D922EFF1AFF037E00DA60D5 /* Products */ = {
			isa = PBXGroup;
			children = (
				4D922EFE1AFF037E00DA60D5 /* PublicBicycleApp.app */,
				4D922F131AFF037E00DA60D5 /* PublicBicycleAppTests.xctest */,
			);
			name = Products;
			sourceTree = "<group>";
		};
		4D922F001AFF037E00DA60D5 /* PublicBicycleApp */ = {
			isa = PBXGroup;
			children = (
				4D922FBA1AFF9AAB00DA60D5 /* HTTP */,
				4D922FB51AFF95A900DA60D5 /* Entity */,
				4D922F031AFF037E00DA60D5 /* AppDelegate.swift */,
				4D11C7BB1B05D57200FE2458 /* LoginViewController.swift */,
				4D11C7C11B05F66800FE2458 /* RegisterTableViewController.swift */,
				4D922F051AFF037E00DA60D5 /* ViewController.swift */,
				4DA08C901B021658009671BF /* AddBookOrderSuccess.swift */,
				4DA08C8B1B00E6D5009671BF /* ReserveOrderViewController.swift */,
				4DA08C851B00CE54009671BF /* StationInfoViewController.swift */,
				4D922FB61AFF972C00DA60D5 /* OrderStationViewController.swift */,
				4DA08C8D1B00F66D009671BF /* OrderTypeViewController.swift */,
				4D11C7B21B04BCFA00FE2458 /* CustomerInfoTableViewController.swift */,
				4D11C7B81B04CDC200FE2458 /* changePasswordTableViewController.swift */,
				4D922F271AFF197000DA60D5 /* InfoViewController.swift */,
				4D922F231AFF193C00DA60D5 /* StationViewController.swift */,
				4D922F251AFF195B00DA60D5 /* OrderViewController.swift */,
				4DA08C981B023518009671BF /* OrderListTableViewController.swift */,
				4DA08C9A1B023971009671BF /* BookOrderDetailTableViewController.swift */,
				4DA08C9C1B023AE7009671BF /* FinishOrderDetailTableViewController.swift */,
				4DA08C9E1B023C04009671BF /* RentOrderDetailTableViewController.swift */,
				4D922FB81AFF976600DA60D5 /* BlueUIViewController.swift */,
				4DA08C961B022966009671BF /* BlueUITableViewController.swift */,
				4D922F071AFF037E00DA60D5 /* Main.storyboard */,
				4D922F0A1AFF037E00DA60D5 /* Images.xcassets */,
				4D922F0C1AFF037E00DA60D5 /* LaunchScreen.xib */,
				4D922F011AFF037E00DA60D5 /* Supporting Files */,
			);
			path = PublicBicycleApp;
			sourceTree = "<group>";
		};
		4D922F011AFF037E00DA60D5 /* Supporting Files */ = {
			isa = PBXGroup;
			children = (
				4D922F021AFF037E00DA60D5 /* Info.plist */,
			);
			name = "Supporting Files";
			sourceTree = "<group>";
		};
		4D922F161AFF037E00DA60D5 /* PublicBicycleAppTests */ = {
			isa = PBXGroup;
			children = (
				4D922F191AFF037E00DA60D5 /* PublicBicycleAppTests.swift */,
				4D922F171AFF037E00DA60D5 /* Supporting Files */,
			);
			path = PublicBicycleAppTests;
			sourceTree = "<group>";
		};
		4D922F171AFF037E00DA60D5 /* Supporting Files */ = {
			isa = PBXGroup;
			children = (
				4D922F181AFF037E00DA60D5 /* Info.plist */,
			);
			name = "Supporting Files";
			sourceTree = "<group>";
		};
		4D922FB51AFF95A900DA60D5 /* Entity */ = {
			isa = PBXGroup;
			children = (
				4D92308C1AFFA4AB00DA60D5 /* MyStation.swift */,
			);
			name = Entity;
			sourceTree = "<group>";
		};
		4D922FBA1AFF9AAB00DA60D5 /* HTTP */ = {
			isa = PBXGroup;
			children = (
				4D922FBB1AFF9ACC00DA60D5 /* HttpRequest.swift */,
			);
			name = HTTP;
			sourceTree = "<group>";
		};
/* End PBXGroup section */

/* Begin PBXNativeTarget section */
		4D922EFD1AFF037E00DA60D5 /* PublicBicycleApp */ = {
			isa = PBXNativeTarget;
			buildConfigurationList = 4D922F1D1AFF037E00DA60D5 /* Build configuration list for PBXNativeTarget "PublicBicycleApp" */;
			buildPhases = (
				4D922EFA1AFF037E00DA60D5 /* Sources */,
				4D922EFB1AFF037E00DA60D5 /* Frameworks */,
				4D922EFC1AFF037E00DA60D5 /* Resources */,
			);
			buildRules = (
			);
			dependencies = (
			);
			name = PublicBicycleApp;
			productName = PublicBicycleApp;
			productReference = 4D922EFE1AFF037E00DA60D5 /* PublicBicycleApp.app */;
			productType = "com.apple.product-type.application";
		};
		4D922F121AFF037E00DA60D5 /* PublicBicycleAppTests */ = {
			isa = PBXNativeTarget;
			buildConfigurationList = 4D922F201AFF037E00DA60D5 /* Build configuration list for PBXNativeTarget "PublicBicycleAppTests" */;
			buildPhases = (
				4D922F0F1AFF037E00DA60D5 /* Sources */,
				4D922F101AFF037E00DA60D5 /* Frameworks */,
				4D922F111AFF037E00DA60D5 /* Resources */,
			);
			buildRules = (
			);
			dependencies = (
				4D922F151AFF037E00DA60D5 /* PBXTargetDependency */,
			);
			name = PublicBicycleAppTests;
			productName = PublicBicycleAppTests;
			productReference = 4D922F131AFF037E00DA60D5 /* PublicBicycleAppTests.xctest */;
			productType = "com.apple.product-type.bundle.unit-test";
		};
/* End PBXNativeTarget section */

/* Begin PBXProject section */
		4D922EF61AFF037E00DA60D5 /* Project object */ = {
			isa = PBXProject;
			attributes = {
				LastUpgradeCheck = 0630;
				ORGANIZATIONNAME = MarK;
				TargetAttributes = {
					4D922EFD1AFF037E00DA60D5 = {
						CreatedOnToolsVersion = 6.3;
					};
					4D922F121AFF037E00DA60D5 = {
						CreatedOnToolsVersion = 6.3;
						TestTargetID = 4D922EFD1AFF037E00DA60D5;
					};
				};
			};
			buildConfigurationList = 4D922EF91AFF037E00DA60D5 /* Build configuration list for PBXProject "PublicBicycleApp" */;
			compatibilityVersion = "Xcode 3.2";
			developmentRegion = English;
			hasScannedForEncodings = 0;
			knownRegions = (
				en,
				Base,
			);
			mainGroup = 4D922EF51AFF037E00DA60D5;
			productRefGroup = 4D922EFF1AFF037E00DA60D5 /* Products */;
			projectDirPath = "";
			projectReferences = (
				{
					ProductGroup = 4D91BA111B00B2F500456EE5 /* Products */;
					ProjectRef = 4D91BA101B00B2F500456EE5 /* SwiftHTTP.xcodeproj */;
				},
			);
			projectRoot = "";
			targets = (
				4D922EFD1AFF037E00DA60D5 /* PublicBicycleApp */,
				4D922F121AFF037E00DA60D5 /* PublicBicycleAppTests */,
			);
		};
/* End PBXProject section */

/* Begin PBXReferenceProxy section */
		4D91BA181B00B2F500456EE5 /* SwiftHTTP.framework */ = {
			isa = PBXReferenceProxy;
			fileType = wrapper.framework;
			path = SwiftHTTP.framework;
			remoteRef = 4D91BA171B00B2F500456EE5 /* PBXContainerItemProxy */;
			sourceTree = BUILT_PRODUCTS_DIR;
		};
		4D91BA1A1B00B2F500456EE5 /* SwiftHTTPTests.xctest */ = {
			isa = PBXReferenceProxy;
			fileType = wrapper.cfbundle;
			path = SwiftHTTPTests.xctest;
			remoteRef = 4D91BA191B00B2F500456EE5 /* PBXContainerItemProxy */;
			sourceTree = BUILT_PRODUCTS_DIR;
		};
		4D91BA1C1B00B2F500456EE5 /* SwiftHTTP.framework */ = {
			isa = PBXReferenceProxy;
			fileType = wrapper.framework;
			path = SwiftHTTP.framework;
			remoteRef = 4D91BA1B1B00B2F500456EE5 /* PBXContainerItemProxy */;
			sourceTree = BUILT_PRODUCTS_DIR;
		};
		4D91BA1E1B00B2F500456EE5 /* SwiftHTTPOSXTests.xctest */ = {
			isa = PBXReferenceProxy;
			fileType = wrapper.cfbundle;
			path = SwiftHTTPOSXTests.xctest;
			remoteRef = 4D91BA1D1B00B2F500456EE5 /* PBXContainerItemProxy */;
			sourceTree = BUILT_PRODUCTS_DIR;
		};
/* End PBXReferenceProxy section */

/* Begin PBXResourcesBuildPhase section */
		4D922EFC1AFF037E00DA60D5 /* Resources */ = {
			isa = PBXResourcesBuildPhase;
			buildActionMask = 2147483647;
			files = (
				4D922F091AFF037E00DA60D5 /* Main.storyboard in Resources */,
				4D922F0E1AFF037E00DA60D5 /* LaunchScreen.xib in Resources */,
				4D922F0B1AFF037E00DA60D5 /* Images.xcassets in Resources */,
			);
			runOnlyForDeploymentPostprocessing = 0;
		};
		4D922F111AFF037E00DA60D5 /* Resources */ = {
			isa = PBXResourcesBuildPhase;
			buildActionMask = 2147483647;
			files = (
			);
			runOnlyForDeploymentPostprocessing = 0;
		};
/* End PBXResourcesBuildPhase section */

/* Begin PBXSourcesBuildPhase section */
		4D922EFA1AFF037E00DA60D5 /* Sources */ = {
			isa = PBXSourcesBuildPhase;
			buildActionMask = 2147483647;
			files = (
				4D11C7BC1B05D57200FE2458 /* LoginViewController.swift in Sources */,
				4D922FB71AFF972C00DA60D5 /* OrderStationViewController.swift in Sources */,
				4DA08C911B021658009671BF /* AddBookOrderSuccess.swift in Sources */,
				4D11C7B91B04CDC200FE2458 /* changePasswordTableViewController.swift in Sources */,
				4DA08C8E1B00F66D009671BF /* OrderTypeViewController.swift in Sources */,
				4DA08C991B023518009671BF /* OrderListTableViewController.swift in Sources */,
				4DA08C9B1B023971009671BF /* BookOrderDetailTableViewController.swift in Sources */,
				4D92308D1AFFA4AB00DA60D5 /* MyStation.swift in Sources */,
				4D11C7B31B04BCFA00FE2458 /* CustomerInfoTableViewController.swift in Sources */,
				4DA08C9F1B023C04009671BF /* RentOrderDetailTableViewController.swift in Sources */,
				4D11C7C21B05F66800FE2458 /* RegisterTableViewController.swift in Sources */,
				4D922F241AFF193C00DA60D5 /* StationViewController.swift in Sources */,
				4DA08C971B022966009671BF /* BlueUITableViewController.swift in Sources */,
				4DA08C8C1B00E6D5009671BF /* ReserveOrderViewController.swift in Sources */,
				4D922F061AFF037E00DA60D5 /* ViewController.swift in Sources */,
				4D922F041AFF037E00DA60D5 /* AppDelegate.swift in Sources */,
				4D922F261AFF195B00DA60D5 /* OrderViewController.swift in Sources */,
				4D922FBC1AFF9ACC00DA60D5 /* HttpRequest.swift in Sources */,
				4DA08C9D1B023AE7009671BF /* FinishOrderDetailTableViewController.swift in Sources */,
				4DA08C861B00CE54009671BF /* StationInfoViewController.swift in Sources */,
				4D922F281AFF197000DA60D5 /* InfoViewController.swift in Sources */,
				4D922FB91AFF976600DA60D5 /* BlueUIViewController.swift in Sources */,
			);
			runOnlyForDeploymentPostprocessing = 0;
		};
		4D922F0F1AFF037E00DA60D5 /* Sources */ = {
			isa = PBXSourcesBuildPhase;
			buildActionMask = 2147483647;
			files = (
				4D922F1A1AFF037E00DA60D5 /* PublicBicycleAppTests.swift in Sources */,
			);
			runOnlyForDeploymentPostprocessing = 0;
		};
/* End PBXSourcesBuildPhase section */

/* Begin PBXTargetDependency section */
		4D922F151AFF037E00DA60D5 /* PBXTargetDependency */ = {
			isa = PBXTargetDependency;
			target = 4D922EFD1AFF037E00DA60D5 /* PublicBicycleApp */;
			targetProxy = 4D922F141AFF037E00DA60D5 /* PBXContainerItemProxy */;
		};
/* End PBXTargetDependency section */

/* Begin PBXVariantGroup section */
		4D922F071AFF037E00DA60D5 /* Main.storyboard */ = {
			isa = PBXVariantGroup;
			children = (
				4D922F081AFF037E00DA60D5 /* Base */,
			);
			name = Main.storyboard;
			sourceTree = "<group>";
		};
		4D922F0C1AFF037E00DA60D5 /* LaunchScreen.xib */ = {
			isa = PBXVariantGroup;
			children = (
				4D922F0D1AFF037E00DA60D5 /* Base */,
			);
			name = LaunchScreen.xib;
			sourceTree = "<group>";
		};
/* End PBXVariantGroup section */

/* Begin XCBuildConfiguration section */
		4D922F1B1AFF037E00DA60D5 /* Debug */ = {
			isa = XCBuildConfiguration;
			buildSettings = {
				ALWAYS_SEARCH_USER_PATHS = NO;
				CLANG_CXX_LANGUAGE_STANDARD = "gnu++0x";
				CLANG_CXX_LIBRARY = "libc++";
				CLANG_ENABLE_MODULES = YES;
				CLANG_ENABLE_OBJC_ARC = YES;
				CLANG_WARN_BOOL_CONVERSION = YES;
				CLANG_WARN_CONSTANT_CONVERSION = YES;
				CLANG_WARN_DIRECT_OBJC_ISA_USAGE = YES_ERROR;
				CLANG_WARN_EMPTY_BODY = YES;
				CLANG_WARN_ENUM_CONVERSION = YES;
				CLANG_WARN_INT_CONVERSION = YES;
				CLANG_WARN_OBJC_ROOT_CLASS = YES_ERROR;
				CLANG_WARN_UNREACHABLE_CODE = YES;
				CLANG_WARN__DUPLICATE_METHOD_MATCH = YES;
				"CODE_SIGN_IDENTITY[sdk=iphoneos*]" = "iPhone Developer";
				COPY_PHASE_STRIP = NO;
				DEBUG_INFORMATION_FORMAT = "dwarf-with-dsym";
				ENABLE_STRICT_OBJC_MSGSEND = YES;
				GCC_C_LANGUAGE_STANDARD = gnu99;
				GCC_DYNAMIC_NO_PIC = NO;
				GCC_NO_COMMON_BLOCKS = YES;
				GCC_OPTIMIZATION_LEVEL = 0;
				GCC_PREPROCESSOR_DEFINITIONS = (
					"DEBUG=1",
					"$(inherited)",
				);
				GCC_SYMBOLS_PRIVATE_EXTERN = NO;
				GCC_WARN_64_TO_32_BIT_CONVERSION = YES;
				GCC_WARN_ABOUT_RETURN_TYPE = YES_ERROR;
				GCC_WARN_UNDECLARED_SELECTOR = YES;
				GCC_WARN_UNINITIALIZED_AUTOS = YES_AGGRESSIVE;
				GCC_WARN_UNUSED_FUNCTION = YES;
				GCC_WARN_UNUSED_VARIABLE = YES;
				IPHONEOS_DEPLOYMENT_TARGET = 8.3;
				MTL_ENABLE_DEBUG_INFO = YES;
				ONLY_ACTIVE_ARCH = YES;
				SDKROOT = iphoneos;
				SWIFT_OPTIMIZATION_LEVEL = "-Onone";
			};
			name = Debug;
		};
		4D922F1C1AFF037E00DA60D5 /* Release */ = {
			isa = XCBuildConfiguration;
			buildSettings = {
				ALWAYS_SEARCH_USER_PATHS = NO;
				CLANG_CXX_LANGUAGE_STANDARD = "gnu++0x";
				CLANG_CXX_LIBRARY = "libc++";
				CLANG_ENABLE_MODULES = YES;
				CLANG_ENABLE_OBJC_ARC = YES;
				CLANG_WARN_BOOL_CONVERSION = YES;
				CLANG_WARN_CONSTANT_CONVERSION = YES;
				CLANG_WARN_DIRECT_OBJC_ISA_USAGE = YES_ERROR;
				CLANG_WARN_EMPTY_BODY = YES;
				CLANG_WARN_ENUM_CONVERSION = YES;
				CLANG_WARN_INT_CONVERSION = YES;
				CLANG_WARN_OBJC_ROOT_CLASS = YES_ERROR;
				CLANG_WARN_UNREACHABLE_CODE = YES;
				CLANG_WARN__DUPLICATE_METHOD_MATCH = YES;
				"CODE_SIGN_IDENTITY[sdk=iphoneos*]" = "iPhone Developer";
				COPY_PHASE_STRIP = NO;
				DEBUG_INFORMATION_FORMAT = "dwarf-with-dsym";
				ENABLE_NS_ASSERTIONS = NO;
				ENABLE_STRICT_OBJC_MSGSEND = YES;
				GCC_C_LANGUAGE_STANDARD = gnu99;
				GCC_NO_COMMON_BLOCKS = YES;
				GCC_WARN_64_TO_32_BIT_CONVERSION = YES;
				GCC_WARN_ABOUT_RETURN_TYPE = YES_ERROR;
				GCC_WARN_UNDECLARED_SELECTOR = YES;
				GCC_WARN_UNINITIALIZED_AUTOS = YES_AGGRESSIVE;
				GCC_WARN_UNUSED_FUNCTION = YES;
				GCC_WARN_UNUSED_VARIABLE = YES;
				IPHONEOS_DEPLOYMENT_TARGET = 8.3;
				MTL_ENABLE_DEBUG_INFO = NO;
				SDKROOT = iphoneos;
				VALIDATE_PRODUCT = YES;
			};
			name = Release;
		};
		4D922F1E1AFF037E00DA60D5 /* Debug */ = {
			isa = XCBuildConfiguration;
			buildSettings = {
				ASSETCATALOG_COMPILER_APPICON_NAME = AppIcon;
				INFOPLIST_FILE = PublicBicycleApp/Info.plist;
				LD_RUNPATH_SEARCH_PATHS = "$(inherited) @executable_path/Frameworks";
				PRODUCT_NAME = "$(TARGET_NAME)";
			};
			name = Debug;
		};
		4D922F1F1AFF037E00DA60D5 /* Release */ = {
			isa = XCBuildConfiguration;
			buildSettings = {
				ASSETCATALOG_COMPILER_APPICON_NAME = AppIcon;
				INFOPLIST_FILE = PublicBicycleApp/Info.plist;
				LD_RUNPATH_SEARCH_PATHS = "$(inherited) @executable_path/Frameworks";
				PRODUCT_NAME = "$(TARGET_NAME)";
			};
			name = Release;
		};
		4D922F211AFF037E00DA60D5 /* Debug */ = {
			isa = XCBuildConfiguration;
			buildSettings = {
				BUNDLE_LOADER = "$(TEST_HOST)";
				FRAMEWORK_SEARCH_PATHS = (
					"$(SDKROOT)/Developer/Library/Frameworks",
					"$(inherited)",
				);
				GCC_PREPROCESSOR_DEFINITIONS = (
					"DEBUG=1",
					"$(inherited)",
				);
				INFOPLIST_FILE = PublicBicycleAppTests/Info.plist;
				LD_RUNPATH_SEARCH_PATHS = "$(inherited) @executable_path/Frameworks @loader_path/Frameworks";
				PRODUCT_NAME = "$(TARGET_NAME)";
				TEST_HOST = "$(BUILT_PRODUCTS_DIR)/PublicBicycleApp.app/PublicBicycleApp";
			};
			name = Debug;
		};
		4D922F221AFF037E00DA60D5 /* Release */ = {
			isa = XCBuildConfiguration;
			buildSettings = {
				BUNDLE_LOADER = "$(TEST_HOST)";
				FRAMEWORK_SEARCH_PATHS = (
					"$(SDKROOT)/Developer/Library/Frameworks",
					"$(inherited)",
				);
				INFOPLIST_FILE = PublicBicycleAppTests/Info.plist;
				LD_RUNPATH_SEARCH_PATHS = "$(inherited) @executable_path/Frameworks @loader_path/Frameworks";
				PRODUCT_NAME = "$(TARGET_NAME)";
				TEST_HOST = "$(BUILT_PRODUCTS_DIR)/PublicBicycleApp.app/PublicBicycleApp";
			};
			name = Release;
		};
/* End XCBuildConfiguration section */

/* Begin XCConfigurationList section */
		4D922EF91AFF037E00DA60D5 /* Build configuration list for PBXProject "PublicBicycleApp" */ = {
			isa = XCConfigurationList;
			buildConfigurations = (
				4D922F1B1AFF037E00DA60D5 /* Debug */,
				4D922F1C1AFF037E00DA60D5 /* Release */,
			);
			defaultConfigurationIsVisible = 0;
			defaultConfigurationName = Release;
		};
		4D922F1D1AFF037E00DA60D5 /* Build configuration list for PBXNativeTarget "PublicBicycleApp" */ = {
			isa = XCConfigurationList;
			buildConfigurations = (
				4D922F1E1AFF037E00DA60D5 /* Debug */,
				4D922F1F1AFF037E00DA60D5 /* Release */,
			);
			defaultConfigurationIsVisible = 0;
			defaultConfigurationName = Release;
		};
		4D922F201AFF037E00DA60D5 /* Build configuration list for PBXNativeTarget "PublicBicycleAppTests" */ = {
			isa = XCConfigurationList;
			buildConfigurations = (
				4D922F211AFF037E00DA60D5 /* Debug */,
				4D922F221AFF037E00DA60D5 /* Release */,
			);
			defaultConfigurationIsVisible = 0;
			defaultConfigurationName = Release;
		};
/* End XCConfigurationList section */
	};
	rootObject = 4D922EF61AFF037E00DA60D5 /* Project object */;
}
